
Microsoft Visual Studio Solution File, Format Version 12.00
# Visual Studio Version 17
VisualStudioVersion = 17.2.32630.192
MinimumVisualStudioVersion = 10.0.40219.1
Project("{FAE04EC0-301F-11D3-BF4B-00C04F79EFBC}") = "BankTransaction", "BankTransaction\BankTransaction.csproj", "{72D93573-95E8-413E-8A32-F640AA404A4A}"
EndProject
Global
	GlobalSection(SolutionConfigurationPlatforms) = preSolution
		Debug|Any CPU = Debug|Any CPU
		Release|Any CPU = Release|Any CPU
	EndGlobalSection
	GlobalSection(ProjectConfigurationPlatforms) = postSolution
		{72D93573-95E8-413E-8A32-F640AA404A4A}.Debug|Any CPU.ActiveCfg = Debug|Any CPU
		{72D93573-95E8-413E-8A32-F640AA404A4A}.Debug|Any CPU.Build.0 = Debug|Any CPU
		{72D93573-95E8-413E-8A32-F640AA404A4A}.Release|Any CPU.ActiveCfg = Release|Any CPU
		{72D93573-95E8-413E-8A32-F640AA404A4A}.Release|Any CPU.Build.0 = Release|Any CPU
	EndGlobalSection
	GlobalSection(SolutionProperties) = preSolution
		HideSolutionNode = FALSE
	EndGlobalSection
	GlobalSection(ExtensibilityGlobals) = postSolution
		SolutionGuid = {A3756D4F-6522-43F2-8FBF-DC7BB6E51C46}
	EndGlobalSection
EndGlobal
